
Microsoft Visual Studio Solution File, Format Version 12.00
# Visual Studio Express 15 for Windows Desktop
VisualStudioVersion = 15.0.28010.2003
MinimumVisualStudioVersion = 10.0.40219.1
Project("{FAE04EC0-301F-11D3-BF4B-00C04F79EFBC}") = "PTFLauncher", "PTFLauncher.csproj", "{751B5A82-AD68-4C04-BE7D-9BCA4AA26631}"
EndProject
Global
	GlobalSection(SolutionConfigurationPlatforms) = preSolution
		Debug|Any CPU = Debug|Any CPU
		Release|Any CPU = Release|Any CPU
	EndGlobalSection
	GlobalSection(ProjectConfigurationPlatforms) = postSolution
		{751B5A82-AD68-4C04-BE7D-9BCA4AA26631}.Debug|Any CPU.ActiveCfg = Debug|Any CPU
		{751B5A82-AD68-4C04-BE7D-9BCA4AA26631}.Debug|Any CPU.Build.0 = Debug|Any CPU
		{751B5A82-AD68-4C04-BE7D-9BCA4AA26631}.Release|Any CPU.ActiveCfg = Release|Any CPU
		{751B5A82-AD68-4C04-BE7D-9BCA4AA26631}.Release|Any CPU.Build.0 = Release|Any CPU
	EndGlobalSection
	GlobalSection(SolutionProperties) = preSolution
		HideSolutionNode = FALSE
	EndGlobalSection
	GlobalSection(ExtensibilityGlobals) = postSolution
		SolutionGuid = {401B16C5-7CBE-4A9D-B184-DF9F077C026F}
	EndGlobalSection
EndGlobal
